{
  "object": {
    "pins": [
      {
        "package": "MongoSwift",
        "repositoryURL": "https://github.com/mongodb/mongo-swift-driver.git",
        "state": {
          "branch": null,
          "revision": "1b38ca8987d1938e0c9245f959fa2172b13cba60",
          "version": "0.2.0"
        }
      },
      {
        "package": "Nimble",
        "repositoryURL": "https://github.com/Quick/Nimble.git",
        "state": {
          "branch": null,
          "revision": "f8657642dfdec9973efc79cc68bcef43a653a2bc",
          "version": "8.0.2"
        }
      },
      {
        "package": "PMDataTypes",
        "repositoryURL": "https://github.com/fkuhl/PMDataTypes",
        "state": {
          "branch": null,
          "revision": "aede4dae8d575cc96a94d9534bdb84493be4a110",
          "version": "3.0.3"
        }
      },
      {
        "package": "bson",
        "repositoryURL": "https://github.com/mongodb/swift-bson",
        "state": {
          "branch": null,
          "revision": "40f770ed265bb9958edbcd0c809a3c2afe75a3ba",
          "version": "2.1.0"
        }
      },
      {
        "package": "swift-log",
        "repositoryURL": "https://github.com/apple/swift-log.git",
        "state": {
          "branch": null,
          "revision": "74d7b91ceebc85daf387ebb206003f78813f71aa",
          "version": "1.2.0"
        }
      },
      {
        "package": "mongoc",
        "repositoryURL": "https://github.com/mongodb/swift-mongoc",
        "state": {
          "branch": null,
          "revision": "e503b50210dae2cf0220474c2f12087830150e9f",
          "version": "2.0.0"
        }
      }
    ]
  },
  "version": 1
}
